// !$*UTF8*$!
{
	archiveVersion = 1;
	classes = {
	};
	objectVersion = 55;
	objects = {

/* Begin PBXBuildFile section */
		2506D5A37BC299087B797143 /* Pods_Simple_post.framework in Frameworks */ = {isa = PBXBuildFile; fileRef = DFBB8D5A72B58EADC0690808 /* Pods_Simple_post.framework */; };
		81CBD78B27B4D1F700669946 /* PostModel.swift in Sources */ = {isa = PBXBuildFile; fileRef = 81CBD78A27B4D1F700669946 /* PostModel.swift */; };
		81DB8EA127B3BA2E005A4103 /* AppDelegate.swift in Sources */ = {isa = PBXBuildFile; fileRef = 81DB8EA027B3BA2E005A4103 /* AppDelegate.swift */; };
		81DB8EA327B3BA2E005A4103 /* SceneDelegate.swift in Sources */ = {isa = PBXBuildFile; fileRef = 81DB8EA227B3BA2E005A4103 /* SceneDelegate.swift */; };
		81DB8EA527B3BA2E005A4103 /* MainViewController.swift in Sources */ = {isa = PBXBuildFile; fileRef = 81DB8EA427B3BA2E005A4103 /* MainViewController.swift */; };
		81DB8EA827B3BA2E005A4103 /* Main.storyboard in Resources */ = {isa = PBXBuildFile; fileRef = 81DB8EA627B3BA2E005A4103 /* Main.storyboard */; };
		81DB8EAA27B3BA2F005A4103 /* Assets.xcassets in Resources */ = {isa = PBXBuildFile; fileRef = 81DB8EA927B3BA2F005A4103 /* Assets.xcassets */; };
		81DB8EAD27B3BA2F005A4103 /* LaunchScreen.storyboard in Resources */ = {isa = PBXBuildFile; fileRef = 81DB8EAB27B3BA2F005A4103 /* LaunchScreen.storyboard */; };
		81DC752527B4E3C7000FB3F2 /* UtilityViewController.swift in Sources */ = {isa = PBXBuildFile; fileRef = 81DC752427B4E3C7000FB3F2 /* UtilityViewController.swift */; };
		81DC752827B4ED55000FB3F2 /* PostTableViewCell.swift in Sources */ = {isa = PBXBuildFile; fileRef = 81DC752727B4ED54000FB3F2 /* PostTableViewCell.swift */; };
/* End PBXBuildFile section */

/* Begin PBXFileReference section */
		81CBD78A27B4D1F700669946 /* PostModel.swift */ = {isa = PBXFileReference; lastKnownFileType = sourcecode.swift; path = PostModel.swift; sourceTree = "<group>"; };
		81DB8E9D27B3BA2E005A4103 /* Simple-post.app */ = {isa = PBXFileReference; explicitFileType = wrapper.application; includeInIndex = 0; path = "Simple-post.app"; sourceTree = BUILT_PRODUCTS_DIR; };
		81DB8EA027B3BA2E005A4103 /* AppDelegate.swift */ = {isa = PBXFileReference; lastKnownFileType = sourcecode.swift; path = AppDelegate.swift; sourceTree = "<group>"; };
		81DB8EA227B3BA2E005A4103 /* SceneDelegate.swift */ = {isa = PBXFileReference; lastKnownFileType = sourcecode.swift; path = SceneDelegate.swift; sourceTree = "<group>"; };
		81DB8EA427B3BA2E005A4103 /* MainViewController.swift */ = {isa = PBXFileReference; lastKnownFileType = sourcecode.swift; path = MainViewController.swift; sourceTree = "<group>"; };
		81DB8EA727B3BA2E005A4103 /* Base */ = {isa = PBXFileReference; lastKnownFileType = file.storyboard; name = Base; path = Base.lproj/Main.storyboard; sourceTree = "<group>"; };
		81DB8EA927B3BA2F005A4103 /* Assets.xcassets */ = {isa = PBXFileReference; lastKnownFileType = folder.assetcatalog; path = Assets.xcassets; sourceTree = "<group>"; };
		81DB8EAC27B3BA2F005A4103 /* Base */ = {isa = PBXFileReference; lastKnownFileType = file.storyboard; name = Base; path = Base.lproj/LaunchScreen.storyboard; sourceTree = "<group>"; };
		81DB8EAE27B3BA2F005A4103 /* Info.plist */ = {isa = PBXFileReference; lastKnownFileType = text.plist.xml; path = Info.plist; sourceTree = "<group>"; };
		81DC752427B4E3C7000FB3F2 /* UtilityViewController.swift */ = {isa = PBXFileReference; lastKnownFileType = sourcecode.swift; path = UtilityViewController.swift; sourceTree = "<group>"; };
		81DC752727B4ED54000FB3F2 /* PostTableViewCell.swift */ = {isa = PBXFileReference; lastKnownFileType = sourcecode.swift; path = PostTableViewCell.swift; sourceTree = "<group>"; };
		D032C1386F463996908B0A06 /* Pods-Simple-post.debug.xcconfig */ = {isa = PBXFileReference; includeInIndex = 1; lastKnownFileType = text.xcconfig; name = "Pods-Simple-post.debug.xcconfig"; path = "Target Support Files/Pods-Simple-post/Pods-Simple-post.debug.xcconfig"; sourceTree = "<group>"; };
		D501D37E16F0C270CCAFB139 /* Pods-Simple-post.release.xcconfig */ = {isa = PBXFileReference; includeInIndex = 1; lastKnownFileType = text.xcconfig; name = "Pods-Simple-post.release.xcconfig"; path = "Target Support Files/Pods-Simple-post/Pods-Simple-post.release.xcconfig"; sourceTree = "<group>"; };
		DFBB8D5A72B58EADC0690808 /* Pods_Simple_post.framework */ = {isa = PBXFileReference; explicitFileType = wrapper.framework; includeInIndex = 0; path = Pods_Simple_post.framework; sourceTree = BUILT_PRODUCTS_DIR; };
/* End PBXFileReference section */

/* Begin PBXFrameworksBuildPhase section */
		81DB8E9A27B3BA2E005A4103 /* Frameworks */ = {
			isa = PBXFrameworksBuildPhase;
			buildActionMask = 2147483647;
			files = (
				2506D5A37BC299087B797143 /* Pods_Simple_post.framework in Frameworks */,
			);
			runOnlyForDeploymentPostprocessing = 0;
		};
/* End PBXFrameworksBuildPhase section */

/* Begin PBXGroup section */
		2283147B4F0EA20BED0BE420 /* Frameworks */ = {
			isa = PBXGroup;
			children = (
				DFBB8D5A72B58EADC0690808 /* Pods_Simple_post.framework */,
			);
			name = Frameworks;
			sourceTree = "<group>";
		};
		2500192FD0441F288919A90F /* Pods */ = {
			isa = PBXGroup;
			children = (
				D032C1386F463996908B0A06 /* Pods-Simple-post.debug.xcconfig */,
				D501D37E16F0C270CCAFB139 /* Pods-Simple-post.release.xcconfig */,
			);
			path = Pods;
			sourceTree = "<group>";
		};
		81CBD78927B4CECE00669946 /* main-post-screen */ = {
			isa = PBXGroup;
			children = (
				81DC752627B4ED36000FB3F2 /* Cell */,
				81DB8EA427B3BA2E005A4103 /* MainViewController.swift */,
			);
			path = "main-post-screen";
			sourceTree = "<group>";
		};
		81DB8E9427B3BA2E005A4103 = {
			isa = PBXGroup;
			children = (
				81DB8E9F27B3BA2E005A4103 /* Simple-post */,
				81DB8E9E27B3BA2E005A4103 /* Products */,
				2500192FD0441F288919A90F /* Pods */,
				2283147B4F0EA20BED0BE420 /* Frameworks */,
			);
			sourceTree = "<group>";
		};
		81DB8E9E27B3BA2E005A4103 /* Products */ = {
			isa = PBXGroup;
			children = (
				81DB8E9D27B3BA2E005A4103 /* Simple-post.app */,
			);
			name = Products;
			sourceTree = "<group>";
		};
		81DB8E9F27B3BA2E005A4103 /* Simple-post */ = {
			isa = PBXGroup;
			children = (
				81DB8EAB27B3BA2F005A4103 /* LaunchScreen.storyboard */,
				81DB8EA627B3BA2E005A4103 /* Main.storyboard */,
				81DB8EB527B3C3A4005A4103 /* Model */,
				81DB8EB427B3C379005A4103 /* View Controller */,
				81DB8EA027B3BA2E005A4103 /* AppDelegate.swift */,
				81DB8EA227B3BA2E005A4103 /* SceneDelegate.swift */,
				81DB8EA927B3BA2F005A4103 /* Assets.xcassets */,
				81DB8EAE27B3BA2F005A4103 /* Info.plist */,
			);
			path = "Simple-post";
			sourceTree = "<group>";
		};
		81DB8EB427B3C379005A4103 /* View Controller */ = {
			isa = PBXGroup;
			children = (
				81DC752427B4E3C7000FB3F2 /* UtilityViewController.swift */,
				81CBD78927B4CECE00669946 /* main-post-screen */,
			);
			path = "View Controller";
			sourceTree = "<group>";
		};
		81DB8EB527B3C3A4005A4103 /* Model */ = {
			isa = PBXGroup;
			children = (
				81CBD78A27B4D1F700669946 /* PostModel.swift */,
			);
			path = Model;
			sourceTree = "<group>";
		};
		81DC752627B4ED36000FB3F2 /* Cell */ = {
			isa = PBXGroup;
			children = (
				81DC752727B4ED54000FB3F2 /* PostTableViewCell.swift */,
			);
			path = Cell;
			sourceTree = "<group>";
		};
/* End PBXGroup section */

/* Begin PBXNativeTarget section */
		81DB8E9C27B3BA2E005A4103 /* Simple-post */ = {
			isa = PBXNativeTarget;
			buildConfigurationList = 81DB8EB127B3BA2F005A4103 /* Build configuration list for PBXNativeTarget "Simple-post" */;
			buildPhases = (
				4C8C23E91F1F12C16053E8FF /* [CP] Check Pods Manifest.lock */,
				81DB8E9927B3BA2E005A4103 /* Sources */,
				81DB8E9A27B3BA2E005A4103 /* Frameworks */,
				81DB8E9B27B3BA2E005A4103 /* Resources */,
				1A5943CDACF21A0A8CD6FCEF /* [CP] Embed Pods Frameworks */,
			);
			buildRules = (
			);
			dependencies = (
			);
			name = "Simple-post";
			productName = "Simple-post";
			productReference = 81DB8E9D27B3BA2E005A4103 /* Simple-post.app */;
			productType = "com.apple.product-type.application";
		};
/* End PBXNativeTarget section */

/* Begin PBXProject section */
		81DB8E9527B3BA2E005A4103 /* Project object */ = {
			isa = PBXProject;
			attributes = {
				BuildIndependentTargetsInParallel = 1;
				LastSwiftUpdateCheck = 1320;
				LastUpgradeCheck = 1320;
				TargetAttributes = {
					81DB8E9C27B3BA2E005A4103 = {
						CreatedOnToolsVersion = 13.2.1;
					};
				};
			};
			buildConfigurationList = 81DB8E9827B3BA2E005A4103 /* Build configuration list for PBXProject "Simple-post" */;
			compatibilityVersion = "Xcode 13.0";
			developmentRegion = en;
			hasScannedForEncodings = 0;
			knownRegions = (
				en,
				Base,
			);
			mainGroup = 81DB8E9427B3BA2E005A4103;
			productRefGroup = 81DB8E9E27B3BA2E005A4103 /* Products */;
			projectDirPath = "";
			projectRoot = "";
			targets = (
				81DB8E9C27B3BA2E005A4103 /* Simple-post */,
			);
		};
/* End PBXProject section */

/* Begin PBXResourcesBuildPhase section */
		81DB8E9B27B3BA2E005A4103 /* Resources */ = {
			isa = PBXResourcesBuildPhase;
			buildActionMask = 2147483647;
			files = (
				81DB8EAD27B3BA2F005A4103 /* LaunchScreen.storyboard in Resources */,
				81DB8EAA27B3BA2F005A4103 /* Assets.xcassets in Resources */,
				81DB8EA827B3BA2E005A4103 /* Main.storyboard in Resources */,
			);
			runOnlyForDeploymentPostprocessing = 0;
		};
/* End PBXResourcesBuildPhase section */

/* Begin PBXShellScriptBuildPhase section */
		1A5943CDACF21A0A8CD6FCEF /* [CP] Embed Pods Frameworks */ = {
			isa = PBXShellScriptBuildPhase;
			buildActionMask = 2147483647;
			files = (
			);
			inputFileListPaths = (
				"${PODS_ROOT}/Target Support Files/Pods-Simple-post/Pods-Simple-post-frameworks-${CONFIGURATION}-input-files.xcfilelist",
			);
			name = "[CP] Embed Pods Frameworks";
			outputFileListPaths = (
				"${PODS_ROOT}/Target Support Files/Pods-Simple-post/Pods-Simple-post-frameworks-${CONFIGURATION}-output-files.xcfilelist",
			);
			runOnlyForDeploymentPostprocessing = 0;
			shellPath = /bin/sh;
			shellScript = "\"${PODS_ROOT}/Target Support Files/Pods-Simple-post/Pods-Simple-post-frameworks.sh\"\n";
			showEnvVarsInLog = 0;
		};
		4C8C23E91F1F12C16053E8FF /* [CP] Check Pods Manifest.lock */ = {
			isa = PBXShellScriptBuildPhase;
			buildActionMask = 2147483647;
			files = (
			);
			inputFileListPaths = (
			);
			inputPaths = (
				"${PODS_PODFILE_DIR_PATH}/Podfile.lock",
				"${PODS_ROOT}/Manifest.lock",
			);
			name = "[CP] Check Pods Manifest.lock";
			outputFileListPaths = (
			);
			outputPaths = (
				"$(DERIVED_FILE_DIR)/Pods-Simple-post-checkManifestLockResult.txt",
			);
			runOnlyForDeploymentPostprocessing = 0;
			shellPath = /bin/sh;
			shellScript = "diff \"${PODS_PODFILE_DIR_PATH}/Podfile.lock\" \"${PODS_ROOT}/Manifest.lock\" > /dev/null\nif [ $? != 0 ] ; then\n    # print error to STDERR\n    echo \"error: The sandbox is not in sync with the Podfile.lock. Run 'pod install' or update your CocoaPods installation.\" >&2\n    exit 1\nfi\n# This output is used by Xcode 'outputs' to avoid re-running this script phase.\necho \"SUCCESS\" > \"${SCRIPT_OUTPUT_FILE_0}\"\n";
			showEnvVarsInLog = 0;
		};
/* End PBXShellScriptBuildPhase section */

/* Begin PBXSourcesBuildPhase section */
		81DB8E9927B3BA2E005A4103 /* Sources */ = {
			isa = PBXSourcesBuildPhase;
			buildActionMask = 2147483647;
			files = (
				81DB8EA527B3BA2E005A4103 /* MainViewController.swift in Sources */,
				81CBD78B27B4D1F700669946 /* PostModel.swift in Sources */,
				81DB8EA127B3BA2E005A4103 /* AppDelegate.swift in Sources */,
				81DC752527B4E3C7000FB3F2 /* UtilityViewController.swift in Sources */,
				81DB8EA327B3BA2E005A4103 /* SceneDelegate.swift in Sources */,
				81DC752827B4ED55000FB3F2 /* PostTableViewCell.swift in Sources */,
			);
			runOnlyForDeploymentPostprocessing = 0;
		};
/* End PBXSourcesBuildPhase section */

/* Begin PBXVariantGroup section */
		81DB8EA627B3BA2E005A4103 /* Main.storyboard */ = {
			isa = PBXVariantGroup;
			children = (
				81DB8EA727B3BA2E005A4103 /* Base */,
			);
			name = Main.storyboard;
			sourceTree = "<group>";
		};
		81DB8EAB27B3BA2F005A4103 /* LaunchScreen.storyboard */ = {
			isa = PBXVariantGroup;
			children = (
				81DB8EAC27B3BA2F005A4103 /* Base */,
			);
			name = LaunchScreen.storyboard;
			sourceTree = "<group>";
		};
/* End PBXVariantGroup section */

/* Begin XCBuildConfiguration section */
		81DB8EAF27B3BA2F005A4103 /* Debug */ = {
			isa = XCBuildConfiguration;
			buildSettings = {
				ALWAYS_SEARCH_USER_PATHS = NO;
				CLANG_ANALYZER_NONNULL = YES;
				CLANG_ANALYZER_NUMBER_OBJECT_CONVERSION = YES_AGGRESSIVE;
				CLANG_CXX_LANGUAGE_STANDARD = "gnu++17";
				CLANG_CXX_LIBRARY = "libc++";
				CLANG_ENABLE_MODULES = YES;
				CLANG_ENABLE_OBJC_ARC = YES;
				CLANG_ENABLE_OBJC_WEAK = YES;
				CLANG_WARN_BLOCK_CAPTURE_AUTORELEASING = YES;
				CLANG_WARN_BOOL_CONVERSION = YES;
				CLANG_WARN_COMMA = YES;
				CLANG_WARN_CONSTANT_CONVERSION = YES;
				CLANG_WARN_DEPRECATED_OBJC_IMPLEMENTATIONS = YES;
				CLANG_WARN_DIRECT_OBJC_ISA_USAGE = YES_ERROR;
				CLANG_WARN_DOCUMENTATION_COMMENTS = YES;
				CLANG_WARN_EMPTY_BODY = YES;
				CLANG_WARN_ENUM_CONVERSION = YES;
				CLANG_WARN_INFINITE_RECURSION = YES;
				CLANG_WARN_INT_CONVERSION = YES;
				CLANG_WARN_NON_LITERAL_NULL_CONVERSION = YES;
				CLANG_WARN_OBJC_IMPLICIT_RETAIN_SELF = YES;
				CLANG_WARN_OBJC_LITERAL_CONVERSION = YES;
				CLANG_WARN_OBJC_ROOT_CLASS = YES_ERROR;
				CLANG_WARN_QUOTED_INCLUDE_IN_FRAMEWORK_HEADER = YES;
				CLANG_WARN_RANGE_LOOP_ANALYSIS = YES;
				CLANG_WARN_STRICT_PROTOTYPES = YES;
				CLANG_WARN_SUSPICIOUS_MOVE = YES;
				CLANG_WARN_UNGUARDED_AVAILABILITY = YES_AGGRESSIVE;
				CLANG_WARN_UNREACHABLE_CODE = YES;
				CLANG_WARN__DUPLICATE_METHOD_MATCH = YES;
				COPY_PHASE_STRIP = NO;
				DEBUG_INFORMATION_FORMAT = dwarf;
				ENABLE_STRICT_OBJC_MSGSEND = YES;
				ENABLE_TESTABILITY = YES;
				GCC_C_LANGUAGE_STANDARD = gnu11;
				GCC_DYNAMIC_NO_PIC = NO;
				GCC_NO_COMMON_BLOCKS = YES;
				GCC_OPTIMIZATION_LEVEL = 0;
				GCC_PREPROCESSOR_DEFINITIONS = (
					"DEBUG=1",
					"$(inherited)",
				);
				GCC_WARN_64_TO_32_BIT_CONVERSION = YES;
				GCC_WARN_ABOUT_RETURN_TYPE = YES_ERROR;
				GCC_WARN_UNDECLARED_SELECTOR = YES;
				GCC_WARN_UNINITIALIZED_AUTOS = YES_AGGRESSIVE;
				GCC_WARN_UNUSED_FUNCTION = YES;
				GCC_WARN_UNUSED_VARIABLE = YES;
				IPHONEOS_DEPLOYMENT_TARGET = 15.2;
				MTL_ENABLE_DEBUG_INFO = INCLUDE_SOURCE;
				MTL_FAST_MATH = YES;
				ONLY_ACTIVE_ARCH = YES;
				SDKROOT = iphoneos;
				SWIFT_ACTIVE_COMPILATION_CONDITIONS = DEBUG;
				SWIFT_OPTIMIZATION_LEVEL = "-Onone";
			};
			name = Debug;
		};
		81DB8EB027B3BA2F005A4103 /* Release */ = {
			isa = XCBuildConfiguration;
			buildSettings = {
				ALWAYS_SEARCH_USER_PATHS = NO;
				CLANG_ANALYZER_NONNULL = YES;
				CLANG_ANALYZER_NUMBER_OBJECT_CONVERSION = YES_AGGRESSIVE;
				CLANG_CXX_LANGUAGE_STANDARD = "gnu++17";
				CLANG_CXX_LIBRARY = "libc++";
				CLANG_ENABLE_MODULES = YES;
				CLANG_ENABLE_OBJC_ARC = YES;
				CLANG_ENABLE_OBJC_WEAK = YES;
				CLANG_WARN_BLOCK_CAPTURE_AUTORELEASING = YES;
				CLANG_WARN_BOOL_CONVERSION = YES;
				CLANG_WARN_COMMA = YES;
				CLANG_WARN_CONSTANT_CONVERSION = YES;
				CLANG_WARN_DEPRECATED_OBJC_IMPLEMENTATIONS = YES;
				CLANG_WARN_DIRECT_OBJC_ISA_USAGE = YES_ERROR;
				CLANG_WARN_DOCUMENTATION_COMMENTS = YES;
				CLANG_WARN_EMPTY_BODY = YES;
				CLANG_WARN_ENUM_CONVERSION = YES;
				CLANG_WARN_INFINITE_RECURSION = YES;
				CLANG_WARN_INT_CONVERSION = YES;
				CLANG_WARN_NON_LITERAL_NULL_CONVERSION = YES;
				CLANG_WARN_OBJC_IMPLICIT_RETAIN_SELF = YES;
				CLANG_WARN_OBJC_LITERAL_CONVERSION = YES;
				CLANG_WARN_OBJC_ROOT_CLASS = YES_ERROR;
				CLANG_WARN_QUOTED_INCLUDE_IN_FRAMEWORK_HEADER = YES;
				CLANG_WARN_RANGE_LOOP_ANALYSIS = YES;
				CLANG_WARN_STRICT_PROTOTYPES = YES;
				CLANG_WARN_SUSPICIOUS_MOVE = YES;
				CLANG_WARN_UNGUARDED_AVAILABILITY = YES_AGGRESSIVE;
				CLANG_WARN_UNREACHABLE_CODE = YES;
				CLANG_WARN__DUPLICATE_METHOD_MATCH = YES;
				COPY_PHASE_STRIP = NO;
				DEBUG_INFORMATION_FORMAT = "dwarf-with-dsym";
				ENABLE_NS_ASSERTIONS = NO;
				ENABLE_STRICT_OBJC_MSGSEND = YES;
				GCC_C_LANGUAGE_STANDARD = gnu11;
				GCC_NO_COMMON_BLOCKS = YES;
				GCC_WARN_64_TO_32_BIT_CONVERSION = YES;
				GCC_WARN_ABOUT_RETURN_TYPE = YES_ERROR;
				GCC_WARN_UNDECLARED_SELECTOR = YES;
				GCC_WARN_UNINITIALIZED_AUTOS = YES_AGGRESSIVE;
				GCC_WARN_UNUSED_FUNCTION = YES;
				GCC_WARN_UNUSED_VARIABLE = YES;
				IPHONEOS_DEPLOYMENT_TARGET = 15.2;
				MTL_ENABLE_DEBUG_INFO = NO;
				MTL_FAST_MATH = YES;
				SDKROOT = iphoneos;
				SWIFT_COMPILATION_MODE = wholemodule;
				SWIFT_OPTIMIZATION_LEVEL = "-O";
				VALIDATE_PRODUCT = YES;
			};
			name = Release;
		};
		81DB8EB227B3BA2F005A4103 /* Debug */ = {
			isa = XCBuildConfiguration;
			baseConfigurationReference = D032C1386F463996908B0A06 /* Pods-Simple-post.debug.xcconfig */;
			buildSettings = {
				ASSETCATALOG_COMPILER_APPICON_NAME = AppIcon;
				ASSETCATALOG_COMPILER_GLOBAL_ACCENT_COLOR_NAME = AccentColor;
				CODE_SIGN_STYLE = Automatic;
				CURRENT_PROJECT_VERSION = 1;
				GENERATE_INFOPLIST_FILE = YES;
				INFOPLIST_FILE = "Simple-post/Info.plist";
				INFOPLIST_KEY_UIApplicationSupportsIndirectInputEvents = YES;
				INFOPLIST_KEY_UILaunchStoryboardName = LaunchScreen;
				INFOPLIST_KEY_UIMainStoryboardFile = Main;
				INFOPLIST_KEY_UISupportedInterfaceOrientations_iPad = "UIInterfaceOrientationPortrait UIInterfaceOrientationPortraitUpsideDown UIInterfaceOrientationLandscapeLeft UIInterfaceOrientationLandscapeRight";
				INFOPLIST_KEY_UISupportedInterfaceOrientations_iPhone = "UIInterfaceOrientationPortrait UIInterfaceOrientationLandscapeLeft UIInterfaceOrientationLandscapeRight";
				LD_RUNPATH_SEARCH_PATHS = (
					"$(inherited)",
					"@executable_path/Frameworks",
				);
				MARKETING_VERSION = 1.0;
				PRODUCT_BUNDLE_IDENTIFIER = "com.pongsatorn.Simple-post";
				PRODUCT_NAME = "$(TARGET_NAME)";
				SWIFT_EMIT_LOC_STRINGS = YES;
				SWIFT_VERSION = 5.0;
				TARGETED_DEVICE_FAMILY = "1,2";
			};
			name = Debug;
		};
		81DB8EB327B3BA2F005A4103 /* Release */ = {
			isa = XCBuildConfiguration;
			baseConfigurationReference = D501D37E16F0C270CCAFB139 /* Pods-Simple-post.release.xcconfig */;
			buildSettings = {
				ASSETCATALOG_COMPILER_APPICON_NAME = AppIcon;
				ASSETCATALOG_COMPILER_GLOBAL_ACCENT_COLOR_NAME = AccentColor;
				CODE_SIGN_STYLE = Automatic;
				CURRENT_PROJECT_VERSION = 1;
				GENERATE_INFOPLIST_FILE = YES;
				INFOPLIST_FILE = "Simple-post/Info.plist";
				INFOPLIST_KEY_UIApplicationSupportsIndirectInputEvents = YES;
				INFOPLIST_KEY_UILaunchStoryboardName = LaunchScreen;
				INFOPLIST_KEY_UIMainStoryboardFile = Main;
				INFOPLIST_KEY_UISupportedInterfaceOrientations_iPad = "UIInterfaceOrientationPortrait UIInterfaceOrientationPortraitUpsideDown UIInterfaceOrientationLandscapeLeft UIInterfaceOrientationLandscapeRight";
				INFOPLIST_KEY_UISupportedInterfaceOrientations_iPhone = "UIInterfaceOrientationPortrait UIInterfaceOrientationLandscapeLeft UIInterfaceOrientationLandscapeRight";
				LD_RUNPATH_SEARCH_PATHS = (
					"$(inherited)",
					"@executable_path/Frameworks",
				);
				MARKETING_VERSION = 1.0;
				PRODUCT_BUNDLE_IDENTIFIER = "com.pongsatorn.Simple-post";
				PRODUCT_NAME = "$(TARGET_NAME)";
				SWIFT_EMIT_LOC_STRINGS = YES;
				SWIFT_VERSION = 5.0;
				TARGETED_DEVICE_FAMILY = "1,2";
			};
			name = Release;
		};
/* End XCBuildConfiguration section */

/* Begin XCConfigurationList section */
		81DB8E9827B3BA2E005A4103 /* Build configuration list for PBXProject "Simple-post" */ = {
			isa = XCConfigurationList;
			buildConfigurations = (
				81DB8EAF27B3BA2F005A4103 /* Debug */,
				81DB8EB027B3BA2F005A4103 /* Release */,
			);
			defaultConfigurationIsVisible = 0;
			defaultConfigurationName = Release;
		};
		81DB8EB127B3BA2F005A4103 /* Build configuration list for PBXNativeTarget "Simple-post" */ = {
			isa = XCConfigurationList;
			buildConfigurations = (
				81DB8EB227B3BA2F005A4103 /* Debug */,
				81DB8EB327B3BA2F005A4103 /* Release */,
			);
			defaultConfigurationIsVisible = 0;
			defaultConfigurationName = Release;
		};
/* End XCConfigurationList section */
	};
	rootObject = 81DB8E9527B3BA2E005A4103 /* Project object */;
}
